
Microsoft Visual Studio Solution File, Format Version 12.00
# Visual Studio Version 17
VisualStudioVersion = 17.3.32804.467
MinimumVisualStudioVersion = 10.0.40219.1
Project("{778DAE3C-4631-46EA-AA77-85C1314464D9}") = "WinPwnder", "WinPwnder\WinPwnder.vbproj", "{3C80C719-E547-4A72-ABCF-86603275F88A}"
EndProject
Project("{2150E333-8FDC-42A3-9474-1A3956D46DE8}") = "Solution Items", "Solution Items", "{8DC84487-B732-4DC6-B124-E272FA3D2176}"
	ProjectSection(SolutionItems) = preProject
		.editorconfig = .editorconfig
	EndProjectSection
EndProject
Global
	GlobalSection(SolutionConfigurationPlatforms) = preSolution
		Debug|Any CPU = Debug|Any CPU
		Release|Any CPU = Release|Any CPU
	EndGlobalSection
	GlobalSection(ProjectConfigurationPlatforms) = postSolution
		{3C80C719-E547-4A72-ABCF-86603275F88A}.Debug|Any CPU.ActiveCfg = Debug|Any CPU
		{3C80C719-E547-4A72-ABCF-86603275F88A}.Debug|Any CPU.Build.0 = Debug|Any CPU
		{3C80C719-E547-4A72-ABCF-86603275F88A}.Release|Any CPU.ActiveCfg = Release|Any CPU
		{3C80C719-E547-4A72-ABCF-86603275F88A}.Release|Any CPU.Build.0 = Release|Any CPU
	EndGlobalSection
	GlobalSection(SolutionProperties) = preSolution
		HideSolutionNode = FALSE
	EndGlobalSection
	GlobalSection(ExtensibilityGlobals) = postSolution
		SolutionGuid = {6D4F43C4-D035-49D6-89DB-B5466EBD9CEE}
	EndGlobalSection
EndGlobal
